// !$*UTF8*$!
{
	archiveVersion = 1;
	classes = {
	};
	objectVersion = 50;
	objects = {

/* Begin PBXBuildFile section */
		EBD7E5D3242B7F9E0097F8FC /* AppDelegate.swift in Sources */ = {isa = PBXBuildFile; fileRef = EBD7E5D2242B7F9E0097F8FC /* AppDelegate.swift */; };
		EBD7E5D5242B7F9E0097F8FC /* SceneDelegate.swift in Sources */ = {isa = PBXBuildFile; fileRef = EBD7E5D4242B7F9E0097F8FC /* SceneDelegate.swift */; };
		EBD7E5D7242B7F9E0097F8FC /* ContentView.swift in Sources */ = {isa = PBXBuildFile; fileRef = EBD7E5D6242B7F9E0097F8FC /* ContentView.swift */; };
		EBD7E5D9242B7FA30097F8FC /* Assets.xcassets in Resources */ = {isa = PBXBuildFile; fileRef = EBD7E5D8242B7FA30097F8FC /* Assets.xcassets */; };
		EBD7E5DC242B7FA30097F8FC /* Preview Assets.xcassets in Resources */ = {isa = PBXBuildFile; fileRef = EBD7E5DB242B7FA30097F8FC /* Preview Assets.xcassets */; };
		EBD7E5DF242B7FA30097F8FC /* LaunchScreen.storyboard in Resources */ = {isa = PBXBuildFile; fileRef = EBD7E5DD242B7FA30097F8FC /* LaunchScreen.storyboard */; };
		EBD7E5EA242B7FA30097F8FC /* SmellyTicTacToe_SwiftTests.swift in Sources */ = {isa = PBXBuildFile; fileRef = EBD7E5E9242B7FA30097F8FC /* SmellyTicTacToe_SwiftTests.swift */; };
		EBD7E5F5242B7FC30097F8FC /* Game.swift in Sources */ = {isa = PBXBuildFile; fileRef = EBD7E5F4242B7FC30097F8FC /* Game.swift */; };
/* End PBXBuildFile section */

/* Begin PBXContainerItemProxy section */
		EBD7E5E6242B7FA30097F8FC /* PBXContainerItemProxy */ = {
			isa = PBXContainerItemProxy;
			containerPortal = EBD7E5C7242B7F9E0097F8FC /* Project object */;
			proxyType = 1;
			remoteGlobalIDString = EBD7E5CE242B7F9E0097F8FC;
			remoteInfo = "SmellyTicTacToe-Swift";
		};
/* End PBXContainerItemProxy section */

/* Begin PBXFileReference section */
		EBD7E5CF242B7F9E0097F8FC /* SmellyTicTacToe-Swift.app */ = {isa = PBXFileReference; explicitFileType = wrapper.application; includeInIndex = 0; path = "SmellyTicTacToe-Swift.app"; sourceTree = BUILT_PRODUCTS_DIR; };
		EBD7E5D2242B7F9E0097F8FC /* AppDelegate.swift */ = {isa = PBXFileReference; lastKnownFileType = sourcecode.swift; path = AppDelegate.swift; sourceTree = "<group>"; };
		EBD7E5D4242B7F9E0097F8FC /* SceneDelegate.swift */ = {isa = PBXFileReference; lastKnownFileType = sourcecode.swift; path = SceneDelegate.swift; sourceTree = "<group>"; };
		EBD7E5D6242B7F9E0097F8FC /* ContentView.swift */ = {isa = PBXFileReference; lastKnownFileType = sourcecode.swift; path = ContentView.swift; sourceTree = "<group>"; };
		EBD7E5D8242B7FA30097F8FC /* Assets.xcassets */ = {isa = PBXFileReference; lastKnownFileType = folder.assetcatalog; path = Assets.xcassets; sourceTree = "<group>"; };
		EBD7E5DB242B7FA30097F8FC /* Preview Assets.xcassets */ = {isa = PBXFileReference; lastKnownFileType = folder.assetcatalog; path = "Preview Assets.xcassets"; sourceTree = "<group>"; };
		EBD7E5DE242B7FA30097F8FC /* Base */ = {isa = PBXFileReference; lastKnownFileType = file.storyboard; name = Base; path = Base.lproj/LaunchScreen.storyboard; sourceTree = "<group>"; };
		EBD7E5E0242B7FA30097F8FC /* Info.plist */ = {isa = PBXFileReference; lastKnownFileType = text.plist.xml; path = Info.plist; sourceTree = "<group>"; };
		EBD7E5E5242B7FA30097F8FC /* SmellyTicTacToe-SwiftTests.xctest */ = {isa = PBXFileReference; explicitFileType = wrapper.cfbundle; includeInIndex = 0; path = "SmellyTicTacToe-SwiftTests.xctest"; sourceTree = BUILT_PRODUCTS_DIR; };
		EBD7E5E9242B7FA30097F8FC /* SmellyTicTacToe_SwiftTests.swift */ = {isa = PBXFileReference; lastKnownFileType = sourcecode.swift; path = SmellyTicTacToe_SwiftTests.swift; sourceTree = "<group>"; };
		EBD7E5EB242B7FA30097F8FC /* Info.plist */ = {isa = PBXFileReference; lastKnownFileType = text.plist.xml; path = Info.plist; sourceTree = "<group>"; };
		EBD7E5F4242B7FC30097F8FC /* Game.swift */ = {isa = PBXFileReference; lastKnownFileType = sourcecode.swift; path = Game.swift; sourceTree = "<group>"; };
/* End PBXFileReference section */

/* Begin PBXFrameworksBuildPhase section */
		EBD7E5CC242B7F9E0097F8FC /* Frameworks */ = {
			isa = PBXFrameworksBuildPhase;
			buildActionMask = 2147483647;
			files = (
			);
			runOnlyForDeploymentPostprocessing = 0;
		};
		EBD7E5E2242B7FA30097F8FC /* Frameworks */ = {
			isa = PBXFrameworksBuildPhase;
			buildActionMask = 2147483647;
			files = (
			);
			runOnlyForDeploymentPostprocessing = 0;
		};
/* End PBXFrameworksBuildPhase section */

/* Begin PBXGroup section */
		EBD7E5C6242B7F9E0097F8FC = {
			isa = PBXGroup;
			children = (
				EBD7E5D1242B7F9E0097F8FC /* SmellyTicTacToe-Swift */,
				EBD7E5E8242B7FA30097F8FC /* SmellyTicTacToe-SwiftTests */,
				EBD7E5D0242B7F9E0097F8FC /* Products */,
			);
			sourceTree = "<group>";
		};
		EBD7E5D0242B7F9E0097F8FC /* Products */ = {
			isa = PBXGroup;
			children = (
				EBD7E5CF242B7F9E0097F8FC /* SmellyTicTacToe-Swift.app */,
				EBD7E5E5242B7FA30097F8FC /* SmellyTicTacToe-SwiftTests.xctest */,
			);
			name = Products;
			sourceTree = "<group>";
		};
		EBD7E5D1242B7F9E0097F8FC /* SmellyTicTacToe-Swift */ = {
			isa = PBXGroup;
			children = (
				EBD7E5D2242B7F9E0097F8FC /* AppDelegate.swift */,
				EBD7E5D4242B7F9E0097F8FC /* SceneDelegate.swift */,
				EBD7E5D6242B7F9E0097F8FC /* ContentView.swift */,
				EBD7E5D8242B7FA30097F8FC /* Assets.xcassets */,
				EBD7E5DD242B7FA30097F8FC /* LaunchScreen.storyboard */,
				EBD7E5E0242B7FA30097F8FC /* Info.plist */,
				EBD7E5DA242B7FA30097F8FC /* Preview Content */,
				EBD7E5F4242B7FC30097F8FC /* Game.swift */,
			);
			path = "SmellyTicTacToe-Swift";
			sourceTree = "<group>";
		};
		EBD7E5DA242B7FA30097F8FC /* Preview Content */ = {
			isa = PBXGroup;
			children = (
				EBD7E5DB242B7FA30097F8FC /* Preview Assets.xcassets */,
			);
			path = "Preview Content";
			sourceTree = "<group>";
		};
		EBD7E5E8242B7FA30097F8FC /* SmellyTicTacToe-SwiftTests */ = {
			isa = PBXGroup;
			children = (
				EBD7E5E9242B7FA30097F8FC /* SmellyTicTacToe_SwiftTests.swift */,
				EBD7E5EB242B7FA30097F8FC /* Info.plist */,
			);
			path = "SmellyTicTacToe-SwiftTests";
			sourceTree = "<group>";
		};
/* End PBXGroup section */

/* Begin PBXNativeTarget section */
		EBD7E5CE242B7F9E0097F8FC /* SmellyTicTacToe-Swift */ = {
			isa = PBXNativeTarget;
			buildConfigurationList = EBD7E5EE242B7FA30097F8FC /* Build configuration list for PBXNativeTarget "SmellyTicTacToe-Swift" */;
			buildPhases = (
				EBD7E5CB242B7F9E0097F8FC /* Sources */,
				EBD7E5CC242B7F9E0097F8FC /* Frameworks */,
				EBD7E5CD242B7F9E0097F8FC /* Resources */,
			);
			buildRules = (
			);
			dependencies = (
			);
			name = "SmellyTicTacToe-Swift";
			productName = "SmellyTicTacToe-Swift";
			productReference = EBD7E5CF242B7F9E0097F8FC /* SmellyTicTacToe-Swift.app */;
			productType = "com.apple.product-type.application";
		};
		EBD7E5E4242B7FA30097F8FC /* SmellyTicTacToe-SwiftTests */ = {
			isa = PBXNativeTarget;
			buildConfigurationList = EBD7E5F1242B7FA30097F8FC /* Build configuration list for PBXNativeTarget "SmellyTicTacToe-SwiftTests" */;
			buildPhases = (
				EBD7E5E1242B7FA30097F8FC /* Sources */,
				EBD7E5E2242B7FA30097F8FC /* Frameworks */,
				EBD7E5E3242B7FA30097F8FC /* Resources */,
			);
			buildRules = (
			);
			dependencies = (
				EBD7E5E7242B7FA30097F8FC /* PBXTargetDependency */,
			);
			name = "SmellyTicTacToe-SwiftTests";
			productName = "SmellyTicTacToe-SwiftTests";
			productReference = EBD7E5E5242B7FA30097F8FC /* SmellyTicTacToe-SwiftTests.xctest */;
			productType = "com.apple.product-type.bundle.unit-test";
		};
/* End PBXNativeTarget section */

/* Begin PBXProject section */
		EBD7E5C7242B7F9E0097F8FC /* Project object */ = {
			isa = PBXProject;
			attributes = {
				LastSwiftUpdateCheck = 1130;
				LastUpgradeCheck = 1130;
				ORGANIZATIONNAME = Pedro;
				TargetAttributes = {
					EBD7E5CE242B7F9E0097F8FC = {
						CreatedOnToolsVersion = 11.3.1;
					};
					EBD7E5E4242B7FA30097F8FC = {
						CreatedOnToolsVersion = 11.3.1;
						TestTargetID = EBD7E5CE242B7F9E0097F8FC;
					};
				};
			};
			buildConfigurationList = EBD7E5CA242B7F9E0097F8FC /* Build configuration list for PBXProject "SmellyTicTacToe-Swift" */;
			compatibilityVersion = "Xcode 9.3";
			developmentRegion = en;
			hasScannedForEncodings = 0;
			knownRegions = (
				en,
				Base,
			);
			mainGroup = EBD7E5C6242B7F9E0097F8FC;
			productRefGroup = EBD7E5D0242B7F9E0097F8FC /* Products */;
			projectDirPath = "";
			projectRoot = "";
			targets = (
				EBD7E5CE242B7F9E0097F8FC /* SmellyTicTacToe-Swift */,
				EBD7E5E4242B7FA30097F8FC /* SmellyTicTacToe-SwiftTests */,
			);
		};
/* End PBXProject section */

/* Begin PBXResourcesBuildPhase section */
		EBD7E5CD242B7F9E0097F8FC /* Resources */ = {
			isa = PBXResourcesBuildPhase;
			buildActionMask = 2147483647;
			files = (
				EBD7E5DF242B7FA30097F8FC /* LaunchScreen.storyboard in Resources */,
				EBD7E5DC242B7FA30097F8FC /* Preview Assets.xcassets in Resources */,
				EBD7E5D9242B7FA30097F8FC /* Assets.xcassets in Resources */,
			);
			runOnlyForDeploymentPostprocessing = 0;
		};
		EBD7E5E3242B7FA30097F8FC /* Resources */ = {
			isa = PBXResourcesBuildPhase;
			buildActionMask = 2147483647;
			files = (
			);
			runOnlyForDeploymentPostprocessing = 0;
		};
/* End PBXResourcesBuildPhase section */

/* Begin PBXSourcesBuildPhase section */
		EBD7E5CB242B7F9E0097F8FC /* Sources */ = {
			isa = PBXSourcesBuildPhase;
			buildActionMask = 2147483647;
			files = (
				EBD7E5D3242B7F9E0097F8FC /* AppDelegate.swift in Sources */,
				EBD7E5D5242B7F9E0097F8FC /* SceneDelegate.swift in Sources */,
				EBD7E5D7242B7F9E0097F8FC /* ContentView.swift in Sources */,
				EBD7E5F5242B7FC30097F8FC /* Game.swift in Sources */,
			);
			runOnlyForDeploymentPostprocessing = 0;
		};
		EBD7E5E1242B7FA30097F8FC /* Sources */ = {
			isa = PBXSourcesBuildPhase;
			buildActionMask = 2147483647;
			files = (
				EBD7E5EA242B7FA30097F8FC /* SmellyTicTacToe_SwiftTests.swift in Sources */,
			);
			runOnlyForDeploymentPostprocessing = 0;
		};
/* End PBXSourcesBuildPhase section */

/* Begin PBXTargetDependency section */
		EBD7E5E7242B7FA30097F8FC /* PBXTargetDependency */ = {
			isa = PBXTargetDependency;
			target = EBD7E5CE242B7F9E0097F8FC /* SmellyTicTacToe-Swift */;
			targetProxy = EBD7E5E6242B7FA30097F8FC /* PBXContainerItemProxy */;
		};
/* End PBXTargetDependency section */

/* Begin PBXVariantGroup section */
		EBD7E5DD242B7FA30097F8FC /* LaunchScreen.storyboard */ = {
			isa = PBXVariantGroup;
			children = (
				EBD7E5DE242B7FA30097F8FC /* Base */,
			);
			name = LaunchScreen.storyboard;
			sourceTree = "<group>";
		};
/* End PBXVariantGroup section */

/* Begin XCBuildConfiguration section */
		EBD7E5EC242B7FA30097F8FC /* Debug */ = {
			isa = XCBuildConfiguration;
			buildSettings = {
				ALWAYS_SEARCH_USER_PATHS = NO;
				CLANG_ANALYZER_NONNULL = YES;
				CLANG_ANALYZER_NUMBER_OBJECT_CONVERSION = YES_AGGRESSIVE;
				CLANG_CXX_LANGUAGE_STANDARD = "gnu++14";
				CLANG_CXX_LIBRARY = "libc++";
				CLANG_ENABLE_MODULES = YES;
				CLANG_ENABLE_OBJC_ARC = YES;
				CLANG_ENABLE_OBJC_WEAK = YES;
				CLANG_WARN_BLOCK_CAPTURE_AUTORELEASING = YES;
				CLANG_WARN_BOOL_CONVERSION = YES;
				CLANG_WARN_COMMA = YES;
				CLANG_WARN_CONSTANT_CONVERSION = YES;
				CLANG_WARN_DEPRECATED_OBJC_IMPLEMENTATIONS = YES;
				CLANG_WARN_DIRECT_OBJC_ISA_USAGE = YES_ERROR;
				CLANG_WARN_DOCUMENTATION_COMMENTS = YES;
				CLANG_WARN_EMPTY_BODY = YES;
				CLANG_WARN_ENUM_CONVERSION = YES;
				CLANG_WARN_INFINITE_RECURSION = YES;
				CLANG_WARN_INT_CONVERSION = YES;
				CLANG_WARN_NON_LITERAL_NULL_CONVERSION = YES;
				CLANG_WARN_OBJC_IMPLICIT_RETAIN_SELF = YES;
				CLANG_WARN_OBJC_LITERAL_CONVERSION = YES;
				CLANG_WARN_OBJC_ROOT_CLASS = YES_ERROR;
				CLANG_WARN_RANGE_LOOP_ANALYSIS = YES;
				CLANG_WARN_STRICT_PROTOTYPES = YES;
				CLANG_WARN_SUSPICIOUS_MOVE = YES;
				CLANG_WARN_UNGUARDED_AVAILABILITY = YES_AGGRESSIVE;
				CLANG_WARN_UNREACHABLE_CODE = YES;
				CLANG_WARN__DUPLICATE_METHOD_MATCH = YES;
				COPY_PHASE_STRIP = NO;
				DEBUG_INFORMATION_FORMAT = dwarf;
				ENABLE_STRICT_OBJC_MSGSEND = YES;
				ENABLE_TESTABILITY = YES;
				GCC_C_LANGUAGE_STANDARD = gnu11;
				GCC_DYNAMIC_NO_PIC = NO;
				GCC_NO_COMMON_BLOCKS = YES;
				GCC_OPTIMIZATION_LEVEL = 0;
				GCC_PREPROCESSOR_DEFINITIONS = (
					"DEBUG=1",
					"$(inherited)",
				);
				GCC_WARN_64_TO_32_BIT_CONVERSION = YES;
				GCC_WARN_ABOUT_RETURN_TYPE = YES_ERROR;
				GCC_WARN_UNDECLARED_SELECTOR = YES;
				GCC_WARN_UNINITIALIZED_AUTOS = YES_AGGRESSIVE;
				GCC_WARN_UNUSED_FUNCTION = YES;
				GCC_WARN_UNUSED_VARIABLE = YES;
				IPHONEOS_DEPLOYMENT_TARGET = 13.2;
				MTL_ENABLE_DEBUG_INFO = INCLUDE_SOURCE;
				MTL_FAST_MATH = YES;
				ONLY_ACTIVE_ARCH = YES;
				SDKROOT = iphoneos;
				SWIFT_ACTIVE_COMPILATION_CONDITIONS = DEBUG;
				SWIFT_OPTIMIZATION_LEVEL = "-Onone";
			};
			name = Debug;
		};
		EBD7E5ED242B7FA30097F8FC /* Release */ = {
			isa = XCBuildConfiguration;
			buildSettings = {
				ALWAYS_SEARCH_USER_PATHS = NO;
				CLANG_ANALYZER_NONNULL = YES;
				CLANG_ANALYZER_NUMBER_OBJECT_CONVERSION = YES_AGGRESSIVE;
				CLANG_CXX_LANGUAGE_STANDARD = "gnu++14";
				CLANG_CXX_LIBRARY = "libc++";
				CLANG_ENABLE_MODULES = YES;
				CLANG_ENABLE_OBJC_ARC = YES;
				CLANG_ENABLE_OBJC_WEAK = YES;
				CLANG_WARN_BLOCK_CAPTURE_AUTORELEASING = YES;
				CLANG_WARN_BOOL_CONVERSION = YES;
				CLANG_WARN_COMMA = YES;
				CLANG_WARN_CONSTANT_CONVERSION = YES;
				CLANG_WARN_DEPRECATED_OBJC_IMPLEMENTATIONS = YES;
				CLANG_WARN_DIRECT_OBJC_ISA_USAGE = YES_ERROR;
				CLANG_WARN_DOCUMENTATION_COMMENTS = YES;
				CLANG_WARN_EMPTY_BODY = YES;
				CLANG_WARN_ENUM_CONVERSION = YES;
				CLANG_WARN_INFINITE_RECURSION = YES;
				CLANG_WARN_INT_CONVERSION = YES;
				CLANG_WARN_NON_LITERAL_NULL_CONVERSION = YES;
				CLANG_WARN_OBJC_IMPLICIT_RETAIN_SELF = YES;
				CLANG_WARN_OBJC_LITERAL_CONVERSION = YES;
				CLANG_WARN_OBJC_ROOT_CLASS = YES_ERROR;
				CLANG_WARN_RANGE_LOOP_ANALYSIS = YES;
				CLANG_WARN_STRICT_PROTOTYPES = YES;
				CLANG_WARN_SUSPICIOUS_MOVE = YES;
				CLANG_WARN_UNGUARDED_AVAILABILITY = YES_AGGRESSIVE;
				CLANG_WARN_UNREACHABLE_CODE = YES;
				CLANG_WARN__DUPLICATE_METHOD_MATCH = YES;
				COPY_PHASE_STRIP = NO;
				DEBUG_INFORMATION_FORMAT = "dwarf-with-dsym";
				ENABLE_NS_ASSERTIONS = NO;
				ENABLE_STRICT_OBJC_MSGSEND = YES;
				GCC_C_LANGUAGE_STANDARD = gnu11;
				GCC_NO_COMMON_BLOCKS = YES;
				GCC_WARN_64_TO_32_BIT_CONVERSION = YES;
				GCC_WARN_ABOUT_RETURN_TYPE = YES_ERROR;
				GCC_WARN_UNDECLARED_SELECTOR = YES;
				GCC_WARN_UNINITIALIZED_AUTOS = YES_AGGRESSIVE;
				GCC_WARN_UNUSED_FUNCTION = YES;
				GCC_WARN_UNUSED_VARIABLE = YES;
				IPHONEOS_DEPLOYMENT_TARGET = 13.2;
				MTL_ENABLE_DEBUG_INFO = NO;
				MTL_FAST_MATH = YES;
				SDKROOT = iphoneos;
				SWIFT_COMPILATION_MODE = wholemodule;
				SWIFT_OPTIMIZATION_LEVEL = "-O";
				VALIDATE_PRODUCT = YES;
			};
			name = Release;
		};
		EBD7E5EF242B7FA30097F8FC /* Debug */ = {
			isa = XCBuildConfiguration;
			buildSettings = {
				ASSETCATALOG_COMPILER_APPICON_NAME = AppIcon;
				CODE_SIGN_STYLE = Automatic;
				DEVELOPMENT_ASSET_PATHS = "\"SmellyTicTacToe-Swift/Preview Content\"";
				DEVELOPMENT_TEAM = VULA25W4UF;
				ENABLE_PREVIEWS = YES;
				INFOPLIST_FILE = "SmellyTicTacToe-Swift/Info.plist";
				LD_RUNPATH_SEARCH_PATHS = (
					"$(inherited)",
					"@executable_path/Frameworks",
				);
				PRODUCT_BUNDLE_IDENTIFIER = "com.Pedro.SmellyTicTacToe-Swift";
				PRODUCT_NAME = "$(TARGET_NAME)";
				SWIFT_VERSION = 5.0;
				TARGETED_DEVICE_FAMILY = "1,2";
			};
			name = Debug;
		};
		EBD7E5F0242B7FA30097F8FC /* Release */ = {
			isa = XCBuildConfiguration;
			buildSettings = {
				ASSETCATALOG_COMPILER_APPICON_NAME = AppIcon;
				CODE_SIGN_STYLE = Automatic;
				DEVELOPMENT_ASSET_PATHS = "\"SmellyTicTacToe-Swift/Preview Content\"";
				DEVELOPMENT_TEAM = VULA25W4UF;
				ENABLE_PREVIEWS = YES;
				INFOPLIST_FILE = "SmellyTicTacToe-Swift/Info.plist";
				LD_RUNPATH_SEARCH_PATHS = (
					"$(inherited)",
					"@executable_path/Frameworks",
				);
				PRODUCT_BUNDLE_IDENTIFIER = "com.Pedro.SmellyTicTacToe-Swift";
				PRODUCT_NAME = "$(TARGET_NAME)";
				SWIFT_VERSION = 5.0;
				TARGETED_DEVICE_FAMILY = "1,2";
			};
			name = Release;
		};
		EBD7E5F2242B7FA30097F8FC /* Debug */ = {
			isa = XCBuildConfiguration;
			buildSettings = {
				ALWAYS_EMBED_SWIFT_STANDARD_LIBRARIES = YES;
				BUNDLE_LOADER = "$(TEST_HOST)";
				CODE_SIGN_STYLE = Automatic;
				DEVELOPMENT_TEAM = VULA25W4UF;
				INFOPLIST_FILE = "SmellyTicTacToe-SwiftTests/Info.plist";
				IPHONEOS_DEPLOYMENT_TARGET = 13.2;
				LD_RUNPATH_SEARCH_PATHS = (
					"$(inherited)",
					"@executable_path/Frameworks",
					"@loader_path/Frameworks",
				);
				PRODUCT_BUNDLE_IDENTIFIER = "com.Pedro.SmellyTicTacToe-SwiftTests";
				PRODUCT_NAME = "$(TARGET_NAME)";
				SWIFT_VERSION = 5.0;
				TARGETED_DEVICE_FAMILY = "1,2";
				TEST_HOST = "$(BUILT_PRODUCTS_DIR)/SmellyTicTacToe-Swift.app/SmellyTicTacToe-Swift";
			};
			name = Debug;
		};
		EBD7E5F3242B7FA30097F8FC /* Release */ = {
			isa = XCBuildConfiguration;
			buildSettings = {
				ALWAYS_EMBED_SWIFT_STANDARD_LIBRARIES = YES;
				BUNDLE_LOADER = "$(TEST_HOST)";
				CODE_SIGN_STYLE = Automatic;
				DEVELOPMENT_TEAM = VULA25W4UF;
				INFOPLIST_FILE = "SmellyTicTacToe-SwiftTests/Info.plist";
				IPHONEOS_DEPLOYMENT_TARGET = 13.2;
				LD_RUNPATH_SEARCH_PATHS = (
					"$(inherited)",
					"@executable_path/Frameworks",
					"@loader_path/Frameworks",
				);
				PRODUCT_BUNDLE_IDENTIFIER = "com.Pedro.SmellyTicTacToe-SwiftTests";
				PRODUCT_NAME = "$(TARGET_NAME)";
				SWIFT_VERSION = 5.0;
				TARGETED_DEVICE_FAMILY = "1,2";
				TEST_HOST = "$(BUILT_PRODUCTS_DIR)/SmellyTicTacToe-Swift.app/SmellyTicTacToe-Swift";
			};
			name = Release;
		};
/* End XCBuildConfiguration section */

/* Begin XCConfigurationList section */
		EBD7E5CA242B7F9E0097F8FC /* Build configuration list for PBXProject "SmellyTicTacToe-Swift" */ = {
			isa = XCConfigurationList;
			buildConfigurations = (
				EBD7E5EC242B7FA30097F8FC /* Debug */,
				EBD7E5ED242B7FA30097F8FC /* Release */,
			);
			defaultConfigurationIsVisible = 0;
			defaultConfigurationName = Release;
		};
		EBD7E5EE242B7FA30097F8FC /* Build configuration list for PBXNativeTarget "SmellyTicTacToe-Swift" */ = {
			isa = XCConfigurationList;
			buildConfigurations = (
				EBD7E5EF242B7FA30097F8FC /* Debug */,
				EBD7E5F0242B7FA30097F8FC /* Release */,
			);
			defaultConfigurationIsVisible = 0;
			defaultConfigurationName = Release;
		};
		EBD7E5F1242B7FA30097F8FC /* Build configuration list for PBXNativeTarget "SmellyTicTacToe-SwiftTests" */ = {
			isa = XCConfigurationList;
			buildConfigurations = (
				EBD7E5F2242B7FA30097F8FC /* Debug */,
				EBD7E5F3242B7FA30097F8FC /* Release */,
			);
			defaultConfigurationIsVisible = 0;
			defaultConfigurationName = Release;
		};
/* End XCConfigurationList section */
	};
	rootObject = EBD7E5C7242B7F9E0097F8FC /* Project object */;
}
